
Microsoft Visual Studio Solution File, Format Version 12.00
# Visual Studio Version 17
VisualStudioVersion = 17.7.34024.191
MinimumVisualStudioVersion = 10.0.40219.1
Project("{FAE04EC0-301F-11D3-BF4B-00C04F79EFBC}") = "ParkingSystem", "ParkingSystem.csproj", "{A2A012B1-0DB9-459C-B879-E84286FE5D2B}"
EndProject
Global
	GlobalSection(SolutionConfigurationPlatforms) = preSolution
		Debug|Any CPU = Debug|Any CPU
		Release|Any CPU = Release|Any CPU
	EndGlobalSection
	GlobalSection(ProjectConfigurationPlatforms) = postSolution
		{A2A012B1-0DB9-459C-B879-E84286FE5D2B}.Debug|Any CPU.ActiveCfg = Debug|Any CPU
		{A2A012B1-0DB9-459C-B879-E84286FE5D2B}.Debug|Any CPU.Build.0 = Debug|Any CPU
		{A2A012B1-0DB9-459C-B879-E84286FE5D2B}.Release|Any CPU.ActiveCfg = Release|Any CPU
		{A2A012B1-0DB9-459C-B879-E84286FE5D2B}.Release|Any CPU.Build.0 = Release|Any CPU
	EndGlobalSection
	GlobalSection(SolutionProperties) = preSolution
		HideSolutionNode = FALSE
	EndGlobalSection
	GlobalSection(ExtensibilityGlobals) = postSolution
		SolutionGuid = {094D8496-AE8D-42FC-87A4-6F07B3E427A4}
	EndGlobalSection
EndGlobal
